
Microsoft Visual Studio Solution File, Format Version 12.00
# Visual Studio 15
VisualStudioVersion = 15.0.28307.902
MinimumVisualStudioVersion = 10.0.40219.1
Project("{FAE04EC0-301F-11D3-BF4B-00C04F79EFBC}") = "GaussJordanSolution.GUI", "Gauss Jordan Solution\GaussJordanSolution.GUI.csproj", "{A296F74B-C23F-45D4-9D74-15FD8A48A4A0}"
EndProject
Project("{FAE04EC0-301F-11D3-BF4B-00C04F79EFBC}") = "GaussJordanMethod.Logic", "..\GaussJordanMethod\GaussJordanMethod\GaussJordanMethod.Logic.csproj", "{B7DD2232-60B9-43F8-BC66-90999434FE7D}"
EndProject
Global
	GlobalSection(SolutionConfigurationPlatforms) = preSolution
		Debug|Any CPU = Debug|Any CPU
		Release|Any CPU = Release|Any CPU
	EndGlobalSection
	GlobalSection(ProjectConfigurationPlatforms) = postSolution
		{A296F74B-C23F-45D4-9D74-15FD8A48A4A0}.Debug|Any CPU.ActiveCfg = Debug|Any CPU
		{A296F74B-C23F-45D4-9D74-15FD8A48A4A0}.Debug|Any CPU.Build.0 = Debug|Any CPU
		{A296F74B-C23F-45D4-9D74-15FD8A48A4A0}.Release|Any CPU.ActiveCfg = Release|Any CPU
		{A296F74B-C23F-45D4-9D74-15FD8A48A4A0}.Release|Any CPU.Build.0 = Release|Any CPU
		{B7DD2232-60B9-43F8-BC66-90999434FE7D}.Debug|Any CPU.ActiveCfg = Debug|Any CPU
		{B7DD2232-60B9-43F8-BC66-90999434FE7D}.Debug|Any CPU.Build.0 = Debug|Any CPU
		{B7DD2232-60B9-43F8-BC66-90999434FE7D}.Release|Any CPU.ActiveCfg = Release|Any CPU
		{B7DD2232-60B9-43F8-BC66-90999434FE7D}.Release|Any CPU.Build.0 = Release|Any CPU
	EndGlobalSection
	GlobalSection(SolutionProperties) = preSolution
		HideSolutionNode = FALSE
	EndGlobalSection
	GlobalSection(ExtensibilityGlobals) = postSolution
		SolutionGuid = {734703AB-F286-4D82-9062-61C31EFC5686}
	EndGlobalSection
EndGlobal
